
Microsoft Visual Studio Solution File, Format Version 12.00
# Visual Studio Version 17
VisualStudioVersion = 17.10.35027.167
MinimumVisualStudioVersion = 10.0.40219.1
Project("{8BC9CEB8-8B4A-11D0-8D11-00A0C91BC942}") = "02_Foundations", "02_Foundations\02_Foundations.vcxproj", "{F5F88024-AEBF-4706-91EC-46305D67ECB5}"
EndProject
Project("{8BC9CEB8-8B4A-11D0-8D11-00A0C91BC942}") = "03_Rays", "03_Rays\03_Rays.vcxproj", "{04C6B077-3D30-4658-BC87-0F90695A094D}"
EndProject
Project("{8BC9CEB8-8B4A-11D0-8D11-00A0C91BC942}") = "04_Triangles_01", "04_Triangles_01\04_Triangles_01.vcxproj", "{9EF5DD69-931A-498C-8950-64995C603716}"
EndProject
Project("{8BC9CEB8-8B4A-11D0-8D11-00A0C91BC942}") = "05_Triangles_02", "05_Triangles_02\05_Triangles_02.vcxproj", "{82483842-60B9-4459-926F-2F3E83955706}"
EndProject
Project("{8BC9CEB8-8B4A-11D0-8D11-00A0C91BC942}") = "06_Camera_Animations", "06_Camera_Animations\06_Camera_Animations.vcxproj", "{219B8876-6D56-4B15-AADE-A003573FAC71}"
EndProject
Project("{8BC9CEB8-8B4A-11D0-8D11-00A0C91BC942}") = "07_Scenes", "07_Scenes\07_Scenes.vcxproj", "{F5DDBE8E-B570-4779-AF8E-05454B5A2839}"
EndProject
Project("{8BC9CEB8-8B4A-11D0-8D11-00A0C91BC942}") = "Common", "Common\Common.vcxproj", "{EB839F39-3296-4A46-87D0-797657D503CC}"
EndProject
Project("{8BC9CEB8-8B4A-11D0-8D11-00A0C91BC942}") = "08_Light", "08_Light\08_Light.vcxproj", "{C25818EF-1942-486C-8802-C8F8158B87CB}"
EndProject
Project("{8BC9CEB8-8B4A-11D0-8D11-00A0C91BC942}") = "09_Shading_01", "09_Shading_01\09_Shading_01.vcxproj", "{3B0E978A-7F11-4462-9573-734F9116F28E}"
EndProject
Global
	GlobalSection(SolutionConfigurationPlatforms) = preSolution
		Debug|x64 = Debug|x64
		Debug|x86 = Debug|x86
		Release|x64 = Release|x64
		Release|x86 = Release|x86
	EndGlobalSection
	GlobalSection(ProjectConfigurationPlatforms) = postSolution
		{F5F88024-AEBF-4706-91EC-46305D67ECB5}.Debug|x64.ActiveCfg = Debug|x64
		{F5F88024-AEBF-4706-91EC-46305D67ECB5}.Debug|x64.Build.0 = Debug|x64
		{F5F88024-AEBF-4706-91EC-46305D67ECB5}.Debug|x86.ActiveCfg = Debug|Win32
		{F5F88024-AEBF-4706-91EC-46305D67ECB5}.Debug|x86.Build.0 = Debug|Win32
		{F5F88024-AEBF-4706-91EC-46305D67ECB5}.Release|x64.ActiveCfg = Release|x64
		{F5F88024-AEBF-4706-91EC-46305D67ECB5}.Release|x64.Build.0 = Release|x64
		{F5F88024-AEBF-4706-91EC-46305D67ECB5}.Release|x86.ActiveCfg = Release|Win32
		{F5F88024-AEBF-4706-91EC-46305D67ECB5}.Release|x86.Build.0 = Release|Win32
		{04C6B077-3D30-4658-BC87-0F90695A094D}.Debug|x64.ActiveCfg = Debug|x64
		{04C6B077-3D30-4658-BC87-0F90695A094D}.Debug|x64.Build.0 = Debug|x64
		{04C6B077-3D30-4658-BC87-0F90695A094D}.Debug|x86.ActiveCfg = Debug|Win32
		{04C6B077-3D30-4658-BC87-0F90695A094D}.Debug|x86.Build.0 = Debug|Win32
		{04C6B077-3D30-4658-BC87-0F90695A094D}.Release|x64.ActiveCfg = Release|x64
		{04C6B077-3D30-4658-BC87-0F90695A094D}.Release|x64.Build.0 = Release|x64
		{04C6B077-3D30-4658-BC87-0F90695A094D}.Release|x86.ActiveCfg = Release|Win32
		{04C6B077-3D30-4658-BC87-0F90695A094D}.Release|x86.Build.0 = Release|Win32
		{9EF5DD69-931A-498C-8950-64995C603716}.Debug|x64.ActiveCfg = Debug|x64
		{9EF5DD69-931A-498C-8950-64995C603716}.Debug|x64.Build.0 = Debug|x64
		{9EF5DD69-931A-498C-8950-64995C603716}.Debug|x86.ActiveCfg = Debug|Win32
		{9EF5DD69-931A-498C-8950-64995C603716}.Debug|x86.Build.0 = Debug|Win32
		{9EF5DD69-931A-498C-8950-64995C603716}.Release|x64.ActiveCfg = Release|x64
		{9EF5DD69-931A-498C-8950-64995C603716}.Release|x64.Build.0 = Release|x64
		{9EF5DD69-931A-498C-8950-64995C603716}.Release|x86.ActiveCfg = Release|Win32
		{9EF5DD69-931A-498C-8950-64995C603716}.Release|x86.Build.0 = Release|Win32
		{82483842-60B9-4459-926F-2F3E83955706}.Debug|x64.ActiveCfg = Debug|x64
		{82483842-60B9-4459-926F-2F3E83955706}.Debug|x64.Build.0 = Debug|x64
		{82483842-60B9-4459-926F-2F3E83955706}.Debug|x86.ActiveCfg = Debug|Win32
		{82483842-60B9-4459-926F-2F3E83955706}.Debug|x86.Build.0 = Debug|Win32
		{82483842-60B9-4459-926F-2F3E83955706}.Release|x64.ActiveCfg = Release|x64
		{82483842-60B9-4459-926F-2F3E83955706}.Release|x64.Build.0 = Release|x64
		{82483842-60B9-4459-926F-2F3E83955706}.Release|x86.ActiveCfg = Release|Win32
		{82483842-60B9-4459-926F-2F3E83955706}.Release|x86.Build.0 = Release|Win32
		{219B8876-6D56-4B15-AADE-A003573FAC71}.Debug|x64.ActiveCfg = Debug|x64
		{219B8876-6D56-4B15-AADE-A003573FAC71}.Debug|x64.Build.0 = Debug|x64
		{219B8876-6D56-4B15-AADE-A003573FAC71}.Debug|x86.ActiveCfg = Debug|Win32
		{219B8876-6D56-4B15-AADE-A003573FAC71}.Debug|x86.Build.0 = Debug|Win32
		{219B8876-6D56-4B15-AADE-A003573FAC71}.Release|x64.ActiveCfg = Release|x64
		{219B8876-6D56-4B15-AADE-A003573FAC71}.Release|x64.Build.0 = Release|x64
		{219B8876-6D56-4B15-AADE-A003573FAC71}.Release|x86.ActiveCfg = Release|Win32
		{219B8876-6D56-4B15-AADE-A003573FAC71}.Release|x86.Build.0 = Release|Win32
		{F5DDBE8E-B570-4779-AF8E-05454B5A2839}.Debug|x64.ActiveCfg = Debug|x64
		{F5DDBE8E-B570-4779-AF8E-05454B5A2839}.Debug|x64.Build.0 = Debug|x64
		{F5DDBE8E-B570-4779-AF8E-05454B5A2839}.Debug|x86.ActiveCfg = Debug|Win32
		{F5DDBE8E-B570-4779-AF8E-05454B5A2839}.Debug|x86.Build.0 = Debug|Win32
		{F5DDBE8E-B570-4779-AF8E-05454B5A2839}.Release|x64.ActiveCfg = Release|x64
		{F5DDBE8E-B570-4779-AF8E-05454B5A2839}.Release|x64.Build.0 = Release|x64
		{F5DDBE8E-B570-4779-AF8E-05454B5A2839}.Release|x86.ActiveCfg = Release|Win32
		{F5DDBE8E-B570-4779-AF8E-05454B5A2839}.Release|x86.Build.0 = Release|Win32
		{EB839F39-3296-4A46-87D0-797657D503CC}.Debug|x64.ActiveCfg = Debug|x64
		{EB839F39-3296-4A46-87D0-797657D503CC}.Debug|x64.Build.0 = Debug|x64
		{EB839F39-3296-4A46-87D0-797657D503CC}.Debug|x86.ActiveCfg = Debug|Win32
		{EB839F39-3296-4A46-87D0-797657D503CC}.Debug|x86.Build.0 = Debug|Win32
		{EB839F39-3296-4A46-87D0-797657D503CC}.Release|x64.ActiveCfg = Release|x64
		{EB839F39-3296-4A46-87D0-797657D503CC}.Release|x64.Build.0 = Release|x64
		{EB839F39-3296-4A46-87D0-797657D503CC}.Release|x86.ActiveCfg = Release|Win32
		{EB839F39-3296-4A46-87D0-797657D503CC}.Release|x86.Build.0 = Release|Win32
		{C25818EF-1942-486C-8802-C8F8158B87CB}.Debug|x64.ActiveCfg = Debug|x64
		{C25818EF-1942-486C-8802-C8F8158B87CB}.Debug|x64.Build.0 = Debug|x64
		{C25818EF-1942-486C-8802-C8F8158B87CB}.Debug|x86.ActiveCfg = Debug|Win32
		{C25818EF-1942-486C-8802-C8F8158B87CB}.Debug|x86.Build.0 = Debug|Win32
		{C25818EF-1942-486C-8802-C8F8158B87CB}.Release|x64.ActiveCfg = Release|x64
		{C25818EF-1942-486C-8802-C8F8158B87CB}.Release|x64.Build.0 = Release|x64
		{C25818EF-1942-486C-8802-C8F8158B87CB}.Release|x86.ActiveCfg = Release|Win32
		{C25818EF-1942-486C-8802-C8F8158B87CB}.Release|x86.Build.0 = Release|Win32
		{3B0E978A-7F11-4462-9573-734F9116F28E}.Debug|x64.ActiveCfg = Debug|x64
		{3B0E978A-7F11-4462-9573-734F9116F28E}.Debug|x64.Build.0 = Debug|x64
		{3B0E978A-7F11-4462-9573-734F9116F28E}.Debug|x86.ActiveCfg = Debug|Win32
		{3B0E978A-7F11-4462-9573-734F9116F28E}.Debug|x86.Build.0 = Debug|Win32
		{3B0E978A-7F11-4462-9573-734F9116F28E}.Release|x64.ActiveCfg = Release|x64
		{3B0E978A-7F11-4462-9573-734F9116F28E}.Release|x64.Build.0 = Release|x64
		{3B0E978A-7F11-4462-9573-734F9116F28E}.Release|x86.ActiveCfg = Release|Win32
		{3B0E978A-7F11-4462-9573-734F9116F28E}.Release|x86.Build.0 = Release|Win32
	EndGlobalSection
	GlobalSection(SolutionProperties) = preSolution
		HideSolutionNode = FALSE
	EndGlobalSection
	GlobalSection(ExtensibilityGlobals) = postSolution
		SolutionGuid = {95EEBB6D-AE84-469D-95CF-55F6F1666F3D}
	EndGlobalSection
EndGlobal
