<?xml version="1.0" encoding="utf-8"?>
<Project ToolsVersion="4.0" xmlns="http://schemas.microsoft.com/developer/msbuild/2003">
  <ItemGroup>
    <Filter Include="Source Files">
      <UniqueIdentifier>{4FC737F1-C7A5-4376-A066-2A32D752A2FF}</UniqueIdentifier>
      <Extensions>cpp;c;cc;cxx;c++;cppm;ixx;def;odl;idl;hpj;bat;asm;asmx</Extensions>
    </Filter>
    <Filter Include="Header Files">
      <UniqueIdentifier>{93995380-89BD-4b04-88EB-625FBE52EBFB}</UniqueIdentifier>
      <Extensions>h;hh;hpp;hxx;h++;hm;inl;inc;ipp;xsd</Extensions>
    </Filter>
    <Filter Include="Resource Files">
      <UniqueIdentifier>{67DA6AB6-F800-4c08-8B7A-83BB121AAD01}</UniqueIdentifier>
      <Extensions>rc;ico;cur;bmp;dlg;rc2;rct;bin;rgs;gif;jpg;jpeg;jpe;resx;tiff;tif;png;wav;mfcribbon-ms</Extensions>
    </Filter>
  </ItemGroup>
  <ItemGroup>
    <ClCompile Include="camera\Camera.cpp">
      <Filter>Source Files</Filter>
    </ClCompile>
    <ClCompile Include="image\Color.cpp">
      <Filter>Source Files</Filter>
    </ClCompile>
    <ClCompile Include="math\Mat3.cpp">
      <Filter>Source Files</Filter>
    </ClCompile>
    <ClCompile Include="image\PPMFile.cpp">
      <Filter>Source Files</Filter>
    </ClCompile>
    <ClCompile Include="math\Triangle.cpp">
      <Filter>Source Files</Filter>
    </ClCompile>
    <ClCompile Include="math\Vec3.cpp">
      <Filter>Source Files</Filter>
    </ClCompile>
    <ClCompile Include="camera\Viewport.cpp">
      <Filter>Source Files</Filter>
    </ClCompile>
    <ClCompile Include="dimensions\AspectHeight.h">
      <Filter>Source Files</Filter>
    </ClCompile>
    <ClCompile Include="scene\Scene.cpp">
      <Filter>Source Files</Filter>
    </ClCompile>
    <ClCompile Include="scene\Mesh.cpp">
      <Filter>Source Files</Filter>
    </ClCompile>
    <ClCompile Include="core\error.h">
      <Filter>Source Files</Filter>
    </ClCompile>
    <ClCompile Include="json\JsonParser.cpp">
      <Filter>Source Files</Filter>
    </ClCompile>
    <ClCompile Include="render\RayTracer.cpp">
      <Filter>Source Files</Filter>
    </ClCompile>
    <ClCompile Include="image\ImageBuffer.cpp">
      <Filter>Source Files</Filter>
    </ClCompile>
    <ClCompile Include="render\Shader.cpp">
      <Filter>Source Files</Filter>
    </ClCompile>
    <ClCompile Include="scene\Material.cpp">
      <Filter>Source Files</Filter>
    </ClCompile>
    <ClCompile Include="json\ParseOptions.cpp">
      <Filter>Source Files</Filter>
    </ClCompile>
    <ClCompile Include="render\Intersection.cpp">
      <Filter>Source Files</Filter>
    </ClCompile>
    <ClCompile Include="scene\Texture.cpp">
      <Filter>Source Files</Filter>
    </ClCompile>
    <ClCompile Include="image\BitmapBuffer.cpp">
      <Filter>Source Files</Filter>
    </ClCompile>
    <ClCompile Include="render\Albedo.cpp">
      <Filter>Source Files</Filter>
    </ClCompile>
    <ClCompile Include="third-party\stb_image.cpp">
      <Filter>Source Files</Filter>
    </ClCompile>
  </ItemGroup>
  <ItemGroup>
    <ClInclude Include="third-party\json.hpp">
      <Filter>Header Files</Filter>
    </ClInclude>
    <ClInclude Include="third-party\json_fwd.hpp">
      <Filter>Header Files</Filter>
    </ClInclude>
    <ClInclude Include="camera\Camera.h">
      <Filter>Header Files</Filter>
    </ClInclude>
    <ClInclude Include="image\Color.h">
      <Filter>Header Files</Filter>
    </ClInclude>
    <ClInclude Include="core\crt.h">
      <Filter>Header Files</Filter>
    </ClInclude>
    <ClInclude Include="render\HitRecord.h">
      <Filter>Header Files</Filter>
    </ClInclude>
    <ClInclude Include="math\Mat3.h">
      <Filter>Header Files</Filter>
    </ClInclude>
    <ClInclude Include="image\PPMFile.h">
      <Filter>Header Files</Filter>
    </ClInclude>
    <ClInclude Include="math\Ray.h">
      <Filter>Header Files</Filter>
    </ClInclude>
    <ClInclude Include="dimensions\Resolution.h">
      <Filter>Header Files</Filter>
    </ClInclude>
    <ClInclude Include="math\Triangle.h">
      <Filter>Header Files</Filter>
    </ClInclude>
    <ClInclude Include="math\utils.h">
      <Filter>Header Files</Filter>
    </ClInclude>
    <ClInclude Include="math\Vec3.h">
      <Filter>Header Files</Filter>
    </ClInclude>
    <ClInclude Include="camera\Viewport.h">
      <Filter>Header Files</Filter>
    </ClInclude>
    <ClInclude Include="scene\Scene.h">
      <Filter>Header Files</Filter>
    </ClInclude>
    <ClInclude Include="scene\Mesh.h">
      <Filter>Header Files</Filter>
    </ClInclude>
    <ClInclude Include="json\JsonParser.h">
      <Filter>Header Files</Filter>
    </ClInclude>
    <ClInclude Include="render\RayTracer.h">
      <Filter>Header Files</Filter>
    </ClInclude>
    <ClInclude Include="image\ImageBuffer.h">
      <Filter>Header Files</Filter>
    </ClInclude>
    <ClInclude Include="scene\Light.h">
      <Filter>Header Files</Filter>
    </ClInclude>
    <ClInclude Include="render\Shader.h">
      <Filter>Header Files</Filter>
    </ClInclude>
    <ClInclude Include="scene\Material.h">
      <Filter>Header Files</Filter>
    </ClInclude>
    <ClInclude Include="json\JsonKey.h">
      <Filter>Header Files</Filter>
    </ClInclude>
    <ClInclude Include="json\ParseOptions.h">
      <Filter>Header Files</Filter>
    </ClInclude>
    <ClInclude Include="render\Intersection.h">
      <Filter>Header Files</Filter>
    </ClInclude>
    <ClInclude Include="render\PathRay.h">
      <Filter>Header Files</Filter>
    </ClInclude>
    <ClInclude Include="scene\Texture.h">
      <Filter>Header Files</Filter>
    </ClInclude>
    <ClInclude Include="image\BitmapBuffer.h">
      <Filter>Header Files</Filter>
    </ClInclude>
    <ClInclude Include="third-party\stb_image.h">
      <Filter>Header Files</Filter>
    </ClInclude>
    <ClInclude Include="render\Albedo.h">
      <Filter>Header Files</Filter>
    </ClInclude>
  </ItemGroup>
</Project>